// !$*UTF8*$!
{
	archiveVersion = 1;
	classes = {
	};
	objectVersion = 46;
	objects = {

/* Begin PBXBuildFile section */
		F8F2E85219CFBD2700DC8BFD /* main.m in Sources */ = {isa = PBXBuildFile; fileRef = F8F2E85119CFBD2700DC8BFD /* main.m */; };
		F8F2E85519CFBD2700DC8BFD /* AppDelegate.m in Sources */ = {isa = PBXBuildFile; fileRef = F8F2E85419CFBD2700DC8BFD /* AppDelegate.m */; };
		F8F2E85819CFBD2700DC8BFD /* ViewController.m in Sources */ = {isa = PBXBuildFile; fileRef = F8F2E85719CFBD2700DC8BFD /* ViewController.m */; };
		F8F2E85B19CFBD2700DC8BFD /* Main.storyboard in Resources */ = {isa = PBXBuildFile; fileRef = F8F2E85919CFBD2700DC8BFD /* Main.storyboard */; };
		F8F2E85D19CFBD2700DC8BFD /* Images.xcassets in Resources */ = {isa = PBXBuildFile; fileRef = F8F2E85C19CFBD2700DC8BFD /* Images.xcassets */; };
		F8F2E86019CFBD2700DC8BFD /* LaunchScreen.xib in Resources */ = {isa = PBXBuildFile; fileRef = F8F2E85E19CFBD2700DC8BFD /* LaunchScreen.xib */; };
		F8F2E86C19CFBD2700DC8BFD /* IMTableViewTests.m in Sources */ = {isa = PBXBuildFile; fileRef = F8F2E86B19CFBD2700DC8BFD /* IMTableViewTests.m */; };
/* End PBXBuildFile section */

/* Begin PBXContainerItemProxy section */
		F8F2E86619CFBD2700DC8BFD /* PBXContainerItemProxy */ = {
			isa = PBXContainerItemProxy;
			containerPortal = F8F2E84419CFBD2700DC8BFD /* Project object */;
			proxyType = 1;
			remoteGlobalIDString = F8F2E84B19CFBD2700DC8BFD;
			remoteInfo = IMTableView;
		};
/* End PBXContainerItemProxy section */

/* Begin PBXFileReference section */
		F8F2E84C19CFBD2700DC8BFD /* IMTableView.app */ = {isa = PBXFileReference; explicitFileType = wrapper.application; includeInIndex = 0; path = IMTableView.app; sourceTree = BUILT_PRODUCTS_DIR; };
		F8F2E85019CFBD2700DC8BFD /* Info.plist */ = {isa = PBXFileReference; lastKnownFileType = text.plist.xml; path = Info.plist; sourceTree = "<group>"; };
		F8F2E85119CFBD2700DC8BFD /* main.m */ = {isa = PBXFileReference; lastKnownFileType = sourcecode.c.objc; path = main.m; sourceTree = "<group>"; };
		F8F2E85319CFBD2700DC8BFD /* AppDelegate.h */ = {isa = PBXFileReference; lastKnownFileType = sourcecode.c.h; path = AppDelegate.h; sourceTree = "<group>"; };
		F8F2E85419CFBD2700DC8BFD /* AppDelegate.m */ = {isa = PBXFileReference; lastKnownFileType = sourcecode.c.objc; path = AppDelegate.m; sourceTree = "<group>"; };
		F8F2E85619CFBD2700DC8BFD /* ViewController.h */ = {isa = PBXFileReference; lastKnownFileType = sourcecode.c.h; path = ViewController.h; sourceTree = "<group>"; };
		F8F2E85719CFBD2700DC8BFD /* ViewController.m */ = {isa = PBXFileReference; lastKnownFileType = sourcecode.c.objc; path = ViewController.m; sourceTree = "<group>"; };
		F8F2E85A19CFBD2700DC8BFD /* Base */ = {isa = PBXFileReference; lastKnownFileType = file.storyboard; name = Base; path = Base.lproj/Main.storyboard; sourceTree = "<group>"; };
		F8F2E85C19CFBD2700DC8BFD /* Images.xcassets */ = {isa = PBXFileReference; lastKnownFileType = folder.assetcatalog; path = Images.xcassets; sourceTree = "<group>"; };
		F8F2E85F19CFBD2700DC8BFD /* Base */ = {isa = PBXFileReference; lastKnownFileType = file.xib; name = Base; path = Base.lproj/LaunchScreen.xib; sourceTree = "<group>"; };
		F8F2E86519CFBD2700DC8BFD /* IMTableViewTests.xctest */ = {isa = PBXFileReference; explicitFileType = wrapper.cfbundle; includeInIndex = 0; path = IMTableViewTests.xctest; sourceTree = BUILT_PRODUCTS_DIR; };
		F8F2E86A19CFBD2700DC8BFD /* Info.plist */ = {isa = PBXFileReference; lastKnownFileType = text.plist.xml; path = Info.plist; sourceTree = "<group>"; };
		F8F2E86B19CFBD2700DC8BFD /* IMTableViewTests.m */ = {isa = PBXFileReference; lastKnownFileType = sourcecode.c.objc; path = IMTableViewTests.m; sourceTree = "<group>"; };
/* End PBXFileReference section */

/* Begin PBXFrameworksBuildPhase section */
		F8F2E84919CFBD2700DC8BFD /* Frameworks */ = {
			isa = PBXFrameworksBuildPhase;
			buildActionMask = 2147483647;
			files = (
			);
			runOnlyForDeploymentPostprocessing = 0;
		};
		F8F2E86219CFBD2700DC8BFD /* Frameworks */ = {
			isa = PBXFrameworksBuildPhase;
			buildActionMask = 2147483647;
			files = (
			);
			runOnlyForDeploymentPostprocessing = 0;
		};
/* End PBXFrameworksBuildPhase section */

/* Begin PBXGroup section */
		F8F2E84319CFBD2700DC8BFD = {
			isa = PBXGroup;
			children = (
				F8F2E84E19CFBD2700DC8BFD /* IMTableView */,
				F8F2E86819CFBD2700DC8BFD /* IMTableViewTests */,
				F8F2E84D19CFBD2700DC8BFD /* Products */,
			);
			sourceTree = "<group>";
		};
		F8F2E84D19CFBD2700DC8BFD /* Products */ = {
			isa = PBXGroup;
			children = (
				F8F2E84C19CFBD2700DC8BFD /* IMTableView.app */,
				F8F2E86519CFBD2700DC8BFD /* IMTableViewTests.xctest */,
			);
			name = Products;
			sourceTree = "<group>";
		};
		F8F2E84E19CFBD2700DC8BFD /* IMTableView */ = {
			isa = PBXGroup;
			children = (
				F8F2E85319CFBD2700DC8BFD /* AppDelegate.h */,
				F8F2E85419CFBD2700DC8BFD /* AppDelegate.m */,
				F8F2E85619CFBD2700DC8BFD /* ViewController.h */,
				F8F2E85719CFBD2700DC8BFD /* ViewController.m */,
				F8F2E85919CFBD2700DC8BFD /* Main.storyboard */,
				F8F2E85C19CFBD2700DC8BFD /* Images.xcassets */,
				F8F2E85E19CFBD2700DC8BFD /* LaunchScreen.xib */,
				F8F2E84F19CFBD2700DC8BFD /* Supporting Files */,
			);
			path = IMTableView;
			sourceTree = "<group>";
		};
		F8F2E84F19CFBD2700DC8BFD /* Supporting Files */ = {
			isa = PBXGroup;
			children = (
				F8F2E85019CFBD2700DC8BFD /* Info.plist */,
				F8F2E85119CFBD2700DC8BFD /* main.m */,
			);
			name = "Supporting Files";
			sourceTree = "<group>";
		};
		F8F2E86819CFBD2700DC8BFD /* IMTableViewTests */ = {
			isa = PBXGroup;
			children = (
				F8F2E86B19CFBD2700DC8BFD /* IMTableViewTests.m */,
				F8F2E86919CFBD2700DC8BFD /* Supporting Files */,
			);
			path = IMTableViewTests;
			sourceTree = "<group>";
		};
		F8F2E86919CFBD2700DC8BFD /* Supporting Files */ = {
			isa = PBXGroup;
			children = (
				F8F2E86A19CFBD2700DC8BFD /* Info.plist */,
			);
			name = "Supporting Files";
			sourceTree = "<group>";
		};
/* End PBXGroup section */

/* Begin PBXNativeTarget section */
		F8F2E84B19CFBD2700DC8BFD /* IMTableView */ = {
			isa = PBXNativeTarget;
			buildConfigurationList = F8F2E86F19CFBD2700DC8BFD /* Build configuration list for PBXNativeTarget "IMTableView" */;
			buildPhases = (
				F8F2E84819CFBD2700DC8BFD /* Sources */,
				F8F2E84919CFBD2700DC8BFD /* Frameworks */,
				F8F2E84A19CFBD2700DC8BFD /* Resources */,
			);
			buildRules = (
			);
			dependencies = (
			);
			name = IMTableView;
			productName = IMTableView;
			productReference = F8F2E84C19CFBD2700DC8BFD /* IMTableView.app */;
			productType = "com.apple.product-type.application";
		};
		F8F2E86419CFBD2700DC8BFD /* IMTableViewTests */ = {
			isa = PBXNativeTarget;
			buildConfigurationList = F8F2E87219CFBD2700DC8BFD /* Build configuration list for PBXNativeTarget "IMTableViewTests" */;
			buildPhases = (
				F8F2E86119CFBD2700DC8BFD /* Sources */,
				F8F2E86219CFBD2700DC8BFD /* Frameworks */,
				F8F2E86319CFBD2700DC8BFD /* Resources */,
			);
			buildRules = (
			);
			dependencies = (
				F8F2E86719CFBD2700DC8BFD /* PBXTargetDependency */,
			);
			name = IMTableViewTests;
			productName = IMTableViewTests;
			productReference = F8F2E86519CFBD2700DC8BFD /* IMTableViewTests.xctest */;
			productType = "com.apple.product-type.bundle.unit-test";
		};
/* End PBXNativeTarget section */

/* Begin PBXProject section */
		F8F2E84419CFBD2700DC8BFD /* Project object */ = {
			isa = PBXProject;
			attributes = {
				LastUpgradeCheck = 0600;
				ORGANIZATIONNAME = "i-Move";
				TargetAttributes = {
					F8F2E84B19CFBD2700DC8BFD = {
						CreatedOnToolsVersion = 6.0.1;
					};
					F8F2E86419CFBD2700DC8BFD = {
						CreatedOnToolsVersion = 6.0.1;
						TestTargetID = F8F2E84B19CFBD2700DC8BFD;
					};
				};
			};
			buildConfigurationList = F8F2E84719CFBD2700DC8BFD /* Build configuration list for PBXProject "IMTableView" */;
			compatibilityVersion = "Xcode 3.2";
			developmentRegion = English;
			hasScannedForEncodings = 0;
			knownRegions = (
				en,
				Base,
			);
			mainGroup = F8F2E84319CFBD2700DC8BFD;
			productRefGroup = F8F2E84D19CFBD2700DC8BFD /* Products */;
			projectDirPath = "";
			projectRoot = "";
			targets = (
				F8F2E84B19CFBD2700DC8BFD /* IMTableView */,
				F8F2E86419CFBD2700DC8BFD /* IMTableViewTests */,
			);
		};
/* End PBXProject section */

/* Begin PBXResourcesBuildPhase section */
		F8F2E84A19CFBD2700DC8BFD /* Resources */ = {
			isa = PBXResourcesBuildPhase;
			buildActionMask = 2147483647;
			files = (
				F8F2E85B19CFBD2700DC8BFD /* Main.storyboard in Resources */,
				F8F2E86019CFBD2700DC8BFD /* LaunchScreen.xib in Resources */,
				F8F2E85D19CFBD2700DC8BFD /* Images.xcassets in Resources */,
			);
			runOnlyForDeploymentPostprocessing = 0;
		};
		F8F2E86319CFBD2700DC8BFD /* Resources */ = {
			isa = PBXResourcesBuildPhase;
			buildActionMask = 2147483647;
			files = (
			);
			runOnlyForDeploymentPostprocessing = 0;
		};
/* End PBXResourcesBuildPhase section */

/* Begin PBXSourcesBuildPhase section */
		F8F2E84819CFBD2700DC8BFD /* Sources */ = {
			isa = PBXSourcesBuildPhase;
			buildActionMask = 2147483647;
			files = (
				F8F2E85819CFBD2700DC8BFD /* ViewController.m in Sources */,
				F8F2E85519CFBD2700DC8BFD /* AppDelegate.m in Sources */,
				F8F2E85219CFBD2700DC8BFD /* main.m in Sources */,
			);
			runOnlyForDeploymentPostprocessing = 0;
		};
		F8F2E86119CFBD2700DC8BFD /* Sources */ = {
			isa = PBXSourcesBuildPhase;
			buildActionMask = 2147483647;
			files = (
				F8F2E86C19CFBD2700DC8BFD /* IMTableViewTests.m in Sources */,
			);
			runOnlyForDeploymentPostprocessing = 0;
		};
/* End PBXSourcesBuildPhase section */

/* Begin PBXTargetDependency section */
		F8F2E86719CFBD2700DC8BFD /* PBXTargetDependency */ = {
			isa = PBXTargetDependency;
			target = F8F2E84B19CFBD2700DC8BFD /* IMTableView */;
			targetProxy = F8F2E86619CFBD2700DC8BFD /* PBXContainerItemProxy */;
		};
/* End PBXTargetDependency section */

/* Begin PBXVariantGroup section */
		F8F2E85919CFBD2700DC8BFD /* Main.storyboard */ = {
			isa = PBXVariantGroup;
			children = (
				F8F2E85A19CFBD2700DC8BFD /* Base */,
			);
			name = Main.storyboard;
			sourceTree = "<group>";
		};
		F8F2E85E19CFBD2700DC8BFD /* LaunchScreen.xib */ = {
			isa = PBXVariantGroup;
			children = (
				F8F2E85F19CFBD2700DC8BFD /* Base */,
			);
			name = LaunchScreen.xib;
			sourceTree = "<group>";
		};
/* End PBXVariantGroup section */

/* Begin XCBuildConfiguration section */
		F8F2E86D19CFBD2700DC8BFD /* Debug */ = {
			isa = XCBuildConfiguration;
			buildSettings = {
				ALWAYS_SEARCH_USER_PATHS = NO;
				CLANG_CXX_LANGUAGE_STANDARD = "gnu++0x";
				CLANG_CXX_LIBRARY = "libc++";
				CLANG_ENABLE_MODULES = YES;
				CLANG_ENABLE_OBJC_ARC = YES;
				CLANG_WARN_BOOL_CONVERSION = YES;
				CLANG_WARN_CONSTANT_CONVERSION = YES;
				CLANG_WARN_DIRECT_OBJC_ISA_USAGE = YES_ERROR;
				CLANG_WARN_EMPTY_BODY = YES;
				CLANG_WARN_ENUM_CONVERSION = YES;
				CLANG_WARN_INT_CONVERSION = YES;
				CLANG_WARN_OBJC_ROOT_CLASS = YES_ERROR;
				CLANG_WARN_UNREACHABLE_CODE = YES;
				CLANG_WARN__DUPLICATE_METHOD_MATCH = YES;
				"CODE_SIGN_IDENTITY[sdk=iphoneos*]" = "iPhone Developer";
				COPY_PHASE_STRIP = NO;
				ENABLE_STRICT_OBJC_MSGSEND = YES;
				GCC_C_LANGUAGE_STANDARD = gnu99;
				GCC_DYNAMIC_NO_PIC = NO;
				GCC_OPTIMIZATION_LEVEL = 0;
				GCC_PREPROCESSOR_DEFINITIONS = (
					"DEBUG=1",
					"$(inherited)",
				);
				GCC_SYMBOLS_PRIVATE_EXTERN = NO;
				GCC_WARN_64_TO_32_BIT_CONVERSION = YES;
				GCC_WARN_ABOUT_RETURN_TYPE = YES_ERROR;
				GCC_WARN_UNDECLARED_SELECTOR = YES;
				GCC_WARN_UNINITIALIZED_AUTOS = YES_AGGRESSIVE;
				GCC_WARN_UNUSED_FUNCTION = YES;
				GCC_WARN_UNUSED_VARIABLE = YES;
				IPHONEOS_DEPLOYMENT_TARGET = 8.0;
				MTL_ENABLE_DEBUG_INFO = YES;
				ONLY_ACTIVE_ARCH = YES;
				SDKROOT = iphoneos;
			};
			name = Debug;
		};
		F8F2E86E19CFBD2700DC8BFD /* Release */ = {
			isa = XCBuildConfiguration;
			buildSettings = {
				ALWAYS_SEARCH_USER_PATHS = NO;
				CLANG_CXX_LANGUAGE_STANDARD = "gnu++0x";
				CLANG_CXX_LIBRARY = "libc++";
				CLANG_ENABLE_MODULES = YES;
				CLANG_ENABLE_OBJC_ARC = YES;
				CLANG_WARN_BOOL_CONVERSION = YES;
				CLANG_WARN_CONSTANT_CONVERSION = YES;
				CLANG_WARN_DIRECT_OBJC_ISA_USAGE = YES_ERROR;
				CLANG_WARN_EMPTY_BODY = YES;
				CLANG_WARN_ENUM_CONVERSION = YES;
				CLANG_WARN_INT_CONVERSION = YES;
				CLANG_WARN_OBJC_ROOT_CLASS = YES_ERROR;
				CLANG_WARN_UNREACHABLE_CODE = YES;
				CLANG_WARN__DUPLICATE_METHOD_MATCH = YES;
				"CODE_SIGN_IDENTITY[sdk=iphoneos*]" = "iPhone Developer";
				COPY_PHASE_STRIP = YES;
				ENABLE_NS_ASSERTIONS = NO;
				ENABLE_STRICT_OBJC_MSGSEND = YES;
				GCC_C_LANGUAGE_STANDARD = gnu99;
				GCC_WARN_64_TO_32_BIT_CONVERSION = YES;
				GCC_WARN_ABOUT_RETURN_TYPE = YES_ERROR;
				GCC_WARN_UNDECLARED_SELECTOR = YES;
				GCC_WARN_UNINITIALIZED_AUTOS = YES_AGGRESSIVE;
				GCC_WARN_UNUSED_FUNCTION = YES;
				GCC_WARN_UNUSED_VARIABLE = YES;
				IPHONEOS_DEPLOYMENT_TARGET = 8.0;
				MTL_ENABLE_DEBUG_INFO = NO;
				SDKROOT = iphoneos;
				VALIDATE_PRODUCT = YES;
			};
			name = Release;
		};
		F8F2E87019CFBD2700DC8BFD /* Debug */ = {
			isa = XCBuildConfiguration;
			buildSettings = {
				ASSETCATALOG_COMPILER_APPICON_NAME = AppIcon;
				INFOPLIST_FILE = IMTableView/Info.plist;
				LD_RUNPATH_SEARCH_PATHS = "$(inherited) @executable_path/Frameworks";
				PRODUCT_NAME = "$(TARGET_NAME)";
			};
			name = Debug;
		};
		F8F2E87119CFBD2700DC8BFD /* Release */ = {
			isa = XCBuildConfiguration;
			buildSettings = {
				ASSETCATALOG_COMPILER_APPICON_NAME = AppIcon;
				INFOPLIST_FILE = IMTableView/Info.plist;
				LD_RUNPATH_SEARCH_PATHS = "$(inherited) @executable_path/Frameworks";
				PRODUCT_NAME = "$(TARGET_NAME)";
			};
			name = Release;
		};
		F8F2E87319CFBD2700DC8BFD /* Debug */ = {
			isa = XCBuildConfiguration;
			buildSettings = {
				BUNDLE_LOADER = "$(TEST_HOST)";
				FRAMEWORK_SEARCH_PATHS = (
					"$(SDKROOT)/Developer/Library/Frameworks",
					"$(inherited)",
				);
				GCC_PREPROCESSOR_DEFINITIONS = (
					"DEBUG=1",
					"$(inherited)",
				);
				INFOPLIST_FILE = IMTableViewTests/Info.plist;
				LD_RUNPATH_SEARCH_PATHS = "$(inherited) @executable_path/Frameworks @loader_path/Frameworks";
				PRODUCT_NAME = "$(TARGET_NAME)";
				TEST_HOST = "$(BUILT_PRODUCTS_DIR)/IMTableView.app/IMTableView";
			};
			name = Debug;
		};
		F8F2E87419CFBD2700DC8BFD /* Release */ = {
			isa = XCBuildConfiguration;
			buildSettings = {
				BUNDLE_LOADER = "$(TEST_HOST)";
				FRAMEWORK_SEARCH_PATHS = (
					"$(SDKROOT)/Developer/Library/Frameworks",
					"$(inherited)",
				);
				INFOPLIST_FILE = IMTableViewTests/Info.plist;
				LD_RUNPATH_SEARCH_PATHS = "$(inherited) @executable_path/Frameworks @loader_path/Frameworks";
				PRODUCT_NAME = "$(TARGET_NAME)";
				TEST_HOST = "$(BUILT_PRODUCTS_DIR)/IMTableView.app/IMTableView";
			};
			name = Release;
		};
/* End XCBuildConfiguration section */

/* Begin XCConfigurationList section */
		F8F2E84719CFBD2700DC8BFD /* Build configuration list for PBXProject "IMTableView" */ = {
			isa = XCConfigurationList;
			buildConfigurations = (
				F8F2E86D19CFBD2700DC8BFD /* Debug */,
				F8F2E86E19CFBD2700DC8BFD /* Release */,
			);
			defaultConfigurationIsVisible = 0;
			defaultConfigurationName = Release;
		};
		F8F2E86F19CFBD2700DC8BFD /* Build configuration list for PBXNativeTarget "IMTableView" */ = {
			isa = XCConfigurationList;
			buildConfigurations = (
				F8F2E87019CFBD2700DC8BFD /* Debug */,
				F8F2E87119CFBD2700DC8BFD /* Release */,
			);
			defaultConfigurationIsVisible = 0;
		};
		F8F2E87219CFBD2700DC8BFD /* Build configuration list for PBXNativeTarget "IMTableViewTests" */ = {
			isa = XCConfigurationList;
			buildConfigurations = (
				F8F2E87319CFBD2700DC8BFD /* Debug */,
				F8F2E87419CFBD2700DC8BFD /* Release */,
			);
			defaultConfigurationIsVisible = 0;
		};
/* End XCConfigurationList section */
	};
	rootObject = F8F2E84419CFBD2700DC8BFD /* Project object */;
}
